
Microsoft Visual Studio Solution File, Format Version 12.00
# Visual Studio 15
Project("{FAE04EC0-301F-11D3-BF4B-00C04F79EFBC}") = "Contact.Service", "Contact.Service\Contact.Service.csproj", "{FF623476-6AE6-4DE9-9B25-22F73E1DB198}"
EndProject
Project("{FAE04EC0-301F-11D3-BF4B-00C04F79EFBC}") = "Contact.Service.Tests", "Contact.Service.Tests\Contact.Service.Tests.csproj", "{0F46C9C8-758B-4A62-AAF7-978DD8136200}"
EndProject
Project("{E53339B2-1760-4266-BCC7-CA923CBCF16C}") = "docker-compose", "docker-compose.dcproj", "{3FD175FF-1619-4F72-9010-2DE7EF74E454}"
EndProject
Global
	GlobalSection(SolutionConfigurationPlatforms) = preSolution
		Debug|Any CPU = Debug|Any CPU
		Release|Any CPU = Release|Any CPU
	EndGlobalSection
	GlobalSection(ProjectConfigurationPlatforms) = postSolution
		{FF623476-6AE6-4DE9-9B25-22F73E1DB198}.Debug|Any CPU.ActiveCfg = Debug|Any CPU
		{FF623476-6AE6-4DE9-9B25-22F73E1DB198}.Debug|Any CPU.Build.0 = Debug|Any CPU
		{FF623476-6AE6-4DE9-9B25-22F73E1DB198}.Release|Any CPU.ActiveCfg = Release|Any CPU
		{FF623476-6AE6-4DE9-9B25-22F73E1DB198}.Release|Any CPU.Build.0 = Release|Any CPU
		{0F46C9C8-758B-4A62-AAF7-978DD8136200}.Debug|Any CPU.ActiveCfg = Debug|Any CPU
		{0F46C9C8-758B-4A62-AAF7-978DD8136200}.Debug|Any CPU.Build.0 = Debug|Any CPU
		{0F46C9C8-758B-4A62-AAF7-978DD8136200}.Release|Any CPU.ActiveCfg = Release|Any CPU
		{0F46C9C8-758B-4A62-AAF7-978DD8136200}.Release|Any CPU.Build.0 = Release|Any CPU
		{3FD175FF-1619-4F72-9010-2DE7EF74E454}.Debug|Any CPU.ActiveCfg = Debug|Any CPU
		{3FD175FF-1619-4F72-9010-2DE7EF74E454}.Debug|Any CPU.Build.0 = Debug|Any CPU
		{3FD175FF-1619-4F72-9010-2DE7EF74E454}.Release|Any CPU.ActiveCfg = Release|Any CPU
		{3FD175FF-1619-4F72-9010-2DE7EF74E454}.Release|Any CPU.Build.0 = Release|Any CPU
	EndGlobalSection
EndGlobal
